
Microsoft Visual Studio Solution File, Format Version 12.00
# Visual Studio Version 17
VisualStudioVersion = 17.4.33122.133
MinimumVisualStudioVersion = 10.0.40219.1
Project("{FAE04EC0-301F-11D3-BF4B-00C04F79EFBC}") = "AppMusic", "AppMusic.csproj", "{EB35794A-65A5-4D6C-AF9E-AD52D3897F4D}"
EndProject
Global
	GlobalSection(SolutionConfigurationPlatforms) = preSolution
		Debug|Any CPU = Debug|Any CPU
		Release|Any CPU = Release|Any CPU
	EndGlobalSection
	GlobalSection(ProjectConfigurationPlatforms) = postSolution
		{EB35794A-65A5-4D6C-AF9E-AD52D3897F4D}.Debug|Any CPU.ActiveCfg = Debug|Any CPU
		{EB35794A-65A5-4D6C-AF9E-AD52D3897F4D}.Debug|Any CPU.Build.0 = Debug|Any CPU
		{EB35794A-65A5-4D6C-AF9E-AD52D3897F4D}.Release|Any CPU.ActiveCfg = Release|Any CPU
		{EB35794A-65A5-4D6C-AF9E-AD52D3897F4D}.Release|Any CPU.Build.0 = Release|Any CPU
	EndGlobalSection
	GlobalSection(SolutionProperties) = preSolution
		HideSolutionNode = FALSE
	EndGlobalSection
	GlobalSection(ExtensibilityGlobals) = postSolution
		SolutionGuid = {46221C05-FB6B-4C11-8A78-70263039E72B}
	EndGlobalSection
EndGlobal
